Microsoft Visual Studio Solution File, Format Version 11.00
# Visual Studio 2008

Project("{C64E9ECF-C843-6946-8B84-439B721686AD}") = "Car Chase", "Assembly-CSharp.csproj", "{11CDDD3F-85EE-AD7C-6746-C1B9CEB48454}"
EndProject
Global
	GlobalSection(SolutionConfigurationPlatforms) = preSolution
		Debug|Any CPU = Debug|Any CPU
		Release|Any CPU = Release|Any CPU
	EndGlobalSection
	GlobalSection(ProjectConfigurationPlatforms) = postSolution
		{11CDDD3F-85EE-AD7C-6746-C1B9CEB48454}.Debug|Any CPU.ActiveCfg = Debug|Any CPU
		{11CDDD3F-85EE-AD7C-6746-C1B9CEB48454}.Debug|Any CPU.Build.0 = Debug|Any CPU
		{11CDDD3F-85EE-AD7C-6746-C1B9CEB48454}.Release|Any CPU.ActiveCfg = Release|Any CPU
		{11CDDD3F-85EE-AD7C-6746-C1B9CEB48454}.Release|Any CPU.Build.0 = Release|Any CPU
	EndGlobalSection
	GlobalSection(SolutionProperties) = preSolution
		HideSolutionNode = FALSE
	EndGlobalSection
	GlobalSection(MonoDevelopProperties) = preSolution
		StartupItem = Assembly-CSharp.csproj
	EndGlobalSection
EndGlobal
